// !$*UTF8*$!
{
	archiveVersion = 1;
	classes = {
	};
	objectVersion = 55;
	objects = {

/* Begin PBXBuildFile section */
		AA81E90E27F2980000AFF11B /* AppDelegate.swift in Sources */ = {isa = PBXBuildFile; fileRef = AA81E90D27F2980000AFF11B /* AppDelegate.swift */; };
		AA81E91027F2980000AFF11B /* SceneDelegate.swift in Sources */ = {isa = PBXBuildFile; fileRef = AA81E90F27F2980000AFF11B /* SceneDelegate.swift */; };
		AA81E91227F2980000AFF11B /* ViewController.swift in Sources */ = {isa = PBXBuildFile; fileRef = AA81E91127F2980000AFF11B /* ViewController.swift */; };
		AA81E91527F2980000AFF11B /* Main.storyboard in Resources */ = {isa = PBXBuildFile; fileRef = AA81E91327F2980000AFF11B /* Main.storyboard */; };
		AA81E91727F2980200AFF11B /* Assets.xcassets in Resources */ = {isa = PBXBuildFile; fileRef = AA81E91627F2980200AFF11B /* Assets.xcassets */; };
		AA81E91A27F2980200AFF11B /* LaunchScreen.storyboard in Resources */ = {isa = PBXBuildFile; fileRef = AA81E91827F2980200AFF11B /* LaunchScreen.storyboard */; };
		AA81E92527F2980300AFF11B /* Swift_learningTests.swift in Sources */ = {isa = PBXBuildFile; fileRef = AA81E92427F2980300AFF11B /* Swift_learningTests.swift */; };
		AA81E92F27F2980300AFF11B /* Swift_learningUITests.swift in Sources */ = {isa = PBXBuildFile; fileRef = AA81E92E27F2980300AFF11B /* Swift_learningUITests.swift */; };
		AA81E93127F2980300AFF11B /* Swift_learningUITestsLaunchTests.swift in Sources */ = {isa = PBXBuildFile; fileRef = AA81E93027F2980300AFF11B /* Swift_learningUITestsLaunchTests.swift */; };
/* End PBXBuildFile section */

/* Begin PBXContainerItemProxy section */
		AA81E92127F2980200AFF11B /* PBXContainerItemProxy */ = {
			isa = PBXContainerItemProxy;
			containerPortal = AA81E90227F2980000AFF11B /* Project object */;
			proxyType = 1;
			remoteGlobalIDString = AA81E90927F2980000AFF11B;
			remoteInfo = "Swift learning";
		};
		AA81E92B27F2980300AFF11B /* PBXContainerItemProxy */ = {
			isa = PBXContainerItemProxy;
			containerPortal = AA81E90227F2980000AFF11B /* Project object */;
			proxyType = 1;
			remoteGlobalIDString = AA81E90927F2980000AFF11B;
			remoteInfo = "Swift learning";
		};
/* End PBXContainerItemProxy section */

/* Begin PBXFileReference section */
		AA81E90A27F2980000AFF11B /* Swift learning.app */ = {isa = PBXFileReference; explicitFileType = wrapper.application; includeInIndex = 0; path = "Swift learning.app"; sourceTree = BUILT_PRODUCTS_DIR; };
		AA81E90D27F2980000AFF11B /* AppDelegate.swift */ = {isa = PBXFileReference; lastKnownFileType = sourcecode.swift; path = AppDelegate.swift; sourceTree = "<group>"; };
		AA81E90F27F2980000AFF11B /* SceneDelegate.swift */ = {isa = PBXFileReference; lastKnownFileType = sourcecode.swift; path = SceneDelegate.swift; sourceTree = "<group>"; };
		AA81E91127F2980000AFF11B /* ViewController.swift */ = {isa = PBXFileReference; lastKnownFileType = sourcecode.swift; path = ViewController.swift; sourceTree = "<group>"; };
		AA81E91427F2980000AFF11B /* Base */ = {isa = PBXFileReference; lastKnownFileType = file.storyboard; name = Base; path = Base.lproj/Main.storyboard; sourceTree = "<group>"; };
		AA81E91627F2980200AFF11B /* Assets.xcassets */ = {isa = PBXFileReference; lastKnownFileType = folder.assetcatalog; path = Assets.xcassets; sourceTree = "<group>"; };
		AA81E91927F2980200AFF11B /* Base */ = {isa = PBXFileReference; lastKnownFileType = file.storyboard; name = Base; path = Base.lproj/LaunchScreen.storyboard; sourceTree = "<group>"; };
		AA81E91B27F2980200AFF11B /* Info.plist */ = {isa = PBXFileReference; lastKnownFileType = text.plist.xml; path = Info.plist; sourceTree = "<group>"; };
		AA81E92027F2980200AFF11B /* Swift learningTests.xctest */ = {isa = PBXFileReference; explicitFileType = wrapper.cfbundle; includeInIndex = 0; path = "Swift learningTests.xctest"; sourceTree = BUILT_PRODUCTS_DIR; };
		AA81E92427F2980300AFF11B /* Swift_learningTests.swift */ = {isa = PBXFileReference; lastKnownFileType = sourcecode.swift; path = Swift_learningTests.swift; sourceTree = "<group>"; };
		AA81E92A27F2980300AFF11B /* Swift learningUITests.xctest */ = {isa = PBXFileReference; explicitFileType = wrapper.cfbundle; includeInIndex = 0; path = "Swift learningUITests.xctest"; sourceTree = BUILT_PRODUCTS_DIR; };
		AA81E92E27F2980300AFF11B /* Swift_learningUITests.swift */ = {isa = PBXFileReference; lastKnownFileType = sourcecode.swift; path = Swift_learningUITests.swift; sourceTree = "<group>"; };
		AA81E93027F2980300AFF11B /* Swift_learningUITestsLaunchTests.swift */ = {isa = PBXFileReference; lastKnownFileType = sourcecode.swift; path = Swift_learningUITestsLaunchTests.swift; sourceTree = "<group>"; };
		AA81E93D27F299B700AFF11B /* MyPlayground.playground */ = {isa = PBXFileReference; lastKnownFileType = file.playground; path = MyPlayground.playground; sourceTree = "<group>"; xcLanguageSpecificationIdentifier = xcode.lang.swift; };
/* End PBXFileReference section */

/* Begin PBXFrameworksBuildPhase section */
		AA81E90727F2980000AFF11B /* Frameworks */ = {
			isa = PBXFrameworksBuildPhase;
			buildActionMask = 2147483647;
			files = (
			);
			runOnlyForDeploymentPostprocessing = 0;
		};
		AA81E91D27F2980200AFF11B /* Frameworks */ = {
			isa = PBXFrameworksBuildPhase;
			buildActionMask = 2147483647;
			files = (
			);
			runOnlyForDeploymentPostprocessing = 0;
		};
		AA81E92727F2980300AFF11B /* Frameworks */ = {
			isa = PBXFrameworksBuildPhase;
			buildActionMask = 2147483647;
			files = (
			);
			runOnlyForDeploymentPostprocessing = 0;
		};
/* End PBXFrameworksBuildPhase section */

/* Begin PBXGroup section */
		AA81E90127F2980000AFF11B = {
			isa = PBXGroup;
			children = (
				AA81E90C27F2980000AFF11B /* Swift learning */,
				AA81E92327F2980300AFF11B /* Swift learningTests */,
				AA81E92D27F2980300AFF11B /* Swift learningUITests */,
				AA81E90B27F2980000AFF11B /* Products */,
			);
			sourceTree = "<group>";
		};
		AA81E90B27F2980000AFF11B /* Products */ = {
			isa = PBXGroup;
			children = (
				AA81E90A27F2980000AFF11B /* Swift learning.app */,
				AA81E92027F2980200AFF11B /* Swift learningTests.xctest */,
				AA81E92A27F2980300AFF11B /* Swift learningUITests.xctest */,
			);
			name = Products;
			sourceTree = "<group>";
		};
		AA81E90C27F2980000AFF11B /* Swift learning */ = {
			isa = PBXGroup;
			children = (
				AA81E90D27F2980000AFF11B /* AppDelegate.swift */,
				AA81E90F27F2980000AFF11B /* SceneDelegate.swift */,
				AA81E91127F2980000AFF11B /* ViewController.swift */,
				AA81E91327F2980000AFF11B /* Main.storyboard */,
				AA81E91627F2980200AFF11B /* Assets.xcassets */,
				AA81E91827F2980200AFF11B /* LaunchScreen.storyboard */,
				AA81E91B27F2980200AFF11B /* Info.plist */,
				AA81E93D27F299B700AFF11B /* MyPlayground.playground */,
			);
			path = "Swift learning";
			sourceTree = "<group>";
		};
		AA81E92327F2980300AFF11B /* Swift learningTests */ = {
			isa = PBXGroup;
			children = (
				AA81E92427F2980300AFF11B /* Swift_learningTests.swift */,
			);
			path = "Swift learningTests";
			sourceTree = "<group>";
		};
		AA81E92D27F2980300AFF11B /* Swift learningUITests */ = {
			isa = PBXGroup;
			children = (
				AA81E92E27F2980300AFF11B /* Swift_learningUITests.swift */,
				AA81E93027F2980300AFF11B /* Swift_learningUITestsLaunchTests.swift */,
			);
			path = "Swift learningUITests";
			sourceTree = "<group>";
		};
/* End PBXGroup section */

/* Begin PBXNativeTarget section */
		AA81E90927F2980000AFF11B /* Swift learning */ = {
			isa = PBXNativeTarget;
			buildConfigurationList = AA81E93427F2980300AFF11B /* Build configuration list for PBXNativeTarget "Swift learning" */;
			buildPhases = (
				AA81E90627F2980000AFF11B /* Sources */,
				AA81E90727F2980000AFF11B /* Frameworks */,
				AA81E90827F2980000AFF11B /* Resources */,
			);
			buildRules = (
			);
			dependencies = (
			);
			name = "Swift learning";
			productName = "Swift learning";
			productReference = AA81E90A27F2980000AFF11B /* Swift learning.app */;
			productType = "com.apple.product-type.application";
		};
		AA81E91F27F2980200AFF11B /* Swift learningTests */ = {
			isa = PBXNativeTarget;
			buildConfigurationList = AA81E93727F2980300AFF11B /* Build configuration list for PBXNativeTarget "Swift learningTests" */;
			buildPhases = (
				AA81E91C27F2980200AFF11B /* Sources */,
				AA81E91D27F2980200AFF11B /* Frameworks */,
				AA81E91E27F2980200AFF11B /* Resources */,
			);
			buildRules = (
			);
			dependencies = (
				AA81E92227F2980200AFF11B /* PBXTargetDependency */,
			);
			name = "Swift learningTests";
			productName = "Swift learningTests";
			productReference = AA81E92027F2980200AFF11B /* Swift learningTests.xctest */;
			productType = "com.apple.product-type.bundle.unit-test";
		};
		AA81E92927F2980300AFF11B /* Swift learningUITests */ = {
			isa = PBXNativeTarget;
			buildConfigurationList = AA81E93A27F2980300AFF11B /* Build configuration list for PBXNativeTarget "Swift learningUITests" */;
			buildPhases = (
				AA81E92627F2980300AFF11B /* Sources */,
				AA81E92727F2980300AFF11B /* Frameworks */,
				AA81E92827F2980300AFF11B /* Resources */,
			);
			buildRules = (
			);
			dependencies = (
				AA81E92C27F2980300AFF11B /* PBXTargetDependency */,
			);
			name = "Swift learningUITests";
			productName = "Swift learningUITests";
			productReference = AA81E92A27F2980300AFF11B /* Swift learningUITests.xctest */;
			productType = "com.apple.product-type.bundle.ui-testing";
		};
/* End PBXNativeTarget section */

/* Begin PBXProject section */
		AA81E90227F2980000AFF11B /* Project object */ = {
			isa = PBXProject;
			attributes = {
				BuildIndependentTargetsInParallel = 1;
				LastSwiftUpdateCheck = 1320;
				LastUpgradeCheck = 1320;
				TargetAttributes = {
					AA81E90927F2980000AFF11B = {
						CreatedOnToolsVersion = 13.2.1;
					};
					AA81E91F27F2980200AFF11B = {
						CreatedOnToolsVersion = 13.2.1;
						TestTargetID = AA81E90927F2980000AFF11B;
					};
					AA81E92927F2980300AFF11B = {
						CreatedOnToolsVersion = 13.2.1;
						TestTargetID = AA81E90927F2980000AFF11B;
					};
				};
			};
			buildConfigurationList = AA81E90527F2980000AFF11B /* Build configuration list for PBXProject "Swift learning" */;
			compatibilityVersion = "Xcode 13.0";
			developmentRegion = en;
			hasScannedForEncodings = 0;
			knownRegions = (
				en,
				Base,
			);
			mainGroup = AA81E90127F2980000AFF11B;
			productRefGroup = AA81E90B27F2980000AFF11B /* Products */;
			projectDirPath = "";
			projectRoot = "";
			targets = (
				AA81E90927F2980000AFF11B /* Swift learning */,
				AA81E91F27F2980200AFF11B /* Swift learningTests */,
				AA81E92927F2980300AFF11B /* Swift learningUITests */,
			);
		};
/* End PBXProject section */

/* Begin PBXResourcesBuildPhase section */
		AA81E90827F2980000AFF11B /* Resources */ = {
			isa = PBXResourcesBuildPhase;
			buildActionMask = 2147483647;
			files = (
				AA81E91A27F2980200AFF11B /* LaunchScreen.storyboard in Resources */,
				AA81E91727F2980200AFF11B /* Assets.xcassets in Resources */,
				AA81E91527F2980000AFF11B /* Main.storyboard in Resources */,
			);
			runOnlyForDeploymentPostprocessing = 0;
		};
		AA81E91E27F2980200AFF11B /* Resources */ = {
			isa = PBXResourcesBuildPhase;
			buildActionMask = 2147483647;
			files = (
			);
			runOnlyForDeploymentPostprocessing = 0;
		};
		AA81E92827F2980300AFF11B /* Resources */ = {
			isa = PBXResourcesBuildPhase;
			buildActionMask = 2147483647;
			files = (
			);
			runOnlyForDeploymentPostprocessing = 0;
		};
/* End PBXResourcesBuildPhase section */

/* Begin PBXSourcesBuildPhase section */
		AA81E90627F2980000AFF11B /* Sources */ = {
			isa = PBXSourcesBuildPhase;
			buildActionMask = 2147483647;
			files = (
				AA81E91227F2980000AFF11B /* ViewController.swift in Sources */,
				AA81E90E27F2980000AFF11B /* AppDelegate.swift in Sources */,
				AA81E91027F2980000AFF11B /* SceneDelegate.swift in Sources */,
			);
			runOnlyForDeploymentPostprocessing = 0;
		};
		AA81E91C27F2980200AFF11B /* Sources */ = {
			isa = PBXSourcesBuildPhase;
			buildActionMask = 2147483647;
			files = (
				AA81E92527F2980300AFF11B /* Swift_learningTests.swift in Sources */,
			);
			runOnlyForDeploymentPostprocessing = 0;
		};
		AA81E92627F2980300AFF11B /* Sources */ = {
			isa = PBXSourcesBuildPhase;
			buildActionMask = 2147483647;
			files = (
				AA81E93127F2980300AFF11B /* Swift_learningUITestsLaunchTests.swift in Sources */,
				AA81E92F27F2980300AFF11B /* Swift_learningUITests.swift in Sources */,
			);
			runOnlyForDeploymentPostprocessing = 0;
		};
/* End PBXSourcesBuildPhase section */

/* Begin PBXTargetDependency section */
		AA81E92227F2980200AFF11B /* PBXTargetDependency */ = {
			isa = PBXTargetDependency;
			target = AA81E90927F2980000AFF11B /* Swift learning */;
			targetProxy = AA81E92127F2980200AFF11B /* PBXContainerItemProxy */;
		};
		AA81E92C27F2980300AFF11B /* PBXTargetDependency */ = {
			isa = PBXTargetDependency;
			target = AA81E90927F2980000AFF11B /* Swift learning */;
			targetProxy = AA81E92B27F2980300AFF11B /* PBXContainerItemProxy */;
		};
/* End PBXTargetDependency section */

/* Begin PBXVariantGroup section */
		AA81E91327F2980000AFF11B /* Main.storyboard */ = {
			isa = PBXVariantGroup;
			children = (
				AA81E91427F2980000AFF11B /* Base */,
			);
			name = Main.storyboard;
			sourceTree = "<group>";
		};
		AA81E91827F2980200AFF11B /* LaunchScreen.storyboard */ = {
			isa = PBXVariantGroup;
			children = (
				AA81E91927F2980200AFF11B /* Base */,
			);
			name = LaunchScreen.storyboard;
			sourceTree = "<group>";
		};
/* End PBXVariantGroup section */

/* Begin XCBuildConfiguration section */
		AA81E93227F2980300AFF11B /* Debug */ = {
			isa = XCBuildConfiguration;
			buildSettings = {
				ALWAYS_SEARCH_USER_PATHS = NO;
				CLANG_ANALYZER_NONNULL = YES;
				CLANG_ANALYZER_NUMBER_OBJECT_CONVERSION = YES_AGGRESSIVE;
				CLANG_CXX_LANGUAGE_STANDARD = "gnu++17";
				CLANG_CXX_LIBRARY = "libc++";
				CLANG_ENABLE_MODULES = YES;
				CLANG_ENABLE_OBJC_ARC = YES;
				CLANG_ENABLE_OBJC_WEAK = YES;
				CLANG_WARN_BLOCK_CAPTURE_AUTORELEASING = YES;
				CLANG_WARN_BOOL_CONVERSION = YES;
				CLANG_WARN_COMMA = YES;
				CLANG_WARN_CONSTANT_CONVERSION = YES;
				CLANG_WARN_DEPRECATED_OBJC_IMPLEMENTATIONS = YES;
				CLANG_WARN_DIRECT_OBJC_ISA_USAGE = YES_ERROR;
				CLANG_WARN_DOCUMENTATION_COMMENTS = YES;
				CLANG_WARN_EMPTY_BODY = YES;
				CLANG_WARN_ENUM_CONVERSION = YES;
				CLANG_WARN_INFINITE_RECURSION = YES;
				CLANG_WARN_INT_CONVERSION = YES;
				CLANG_WARN_NON_LITERAL_NULL_CONVERSION = YES;
				CLANG_WARN_OBJC_IMPLICIT_RETAIN_SELF = YES;
				CLANG_WARN_OBJC_LITERAL_CONVERSION = YES;
				CLANG_WARN_OBJC_ROOT_CLASS = YES_ERROR;
				CLANG_WARN_QUOTED_INCLUDE_IN_FRAMEWORK_HEADER = YES;
				CLANG_WARN_RANGE_LOOP_ANALYSIS = YES;
				CLANG_WARN_STRICT_PROTOTYPES = YES;
				CLANG_WARN_SUSPICIOUS_MOVE = YES;
				CLANG_WARN_UNGUARDED_AVAILABILITY = YES_AGGRESSIVE;
				CLANG_WARN_UNREACHABLE_CODE = YES;
				CLANG_WARN__DUPLICATE_METHOD_MATCH = YES;
				COPY_PHASE_STRIP = NO;
				DEBUG_INFORMATION_FORMAT = dwarf;
				ENABLE_STRICT_OBJC_MSGSEND = YES;
				ENABLE_TESTABILITY = YES;
				GCC_C_LANGUAGE_STANDARD = gnu11;
				GCC_DYNAMIC_NO_PIC = NO;
				GCC_NO_COMMON_BLOCKS = YES;
				GCC_OPTIMIZATION_LEVEL = 0;
				GCC_PREPROCESSOR_DEFINITIONS = (
					"DEBUG=1",
					"$(inherited)",
				);
				GCC_WARN_64_TO_32_BIT_CONVERSION = YES;
				GCC_WARN_ABOUT_RETURN_TYPE = YES_ERROR;
				GCC_WARN_UNDECLARED_SELECTOR = YES;
				GCC_WARN_UNINITIALIZED_AUTOS = YES_AGGRESSIVE;
				GCC_WARN_UNUSED_FUNCTION = YES;
				GCC_WARN_UNUSED_VARIABLE = YES;
				IPHONEOS_DEPLOYMENT_TARGET = 15.2;
				MTL_ENABLE_DEBUG_INFO = INCLUDE_SOURCE;
				MTL_FAST_MATH = YES;
				ONLY_ACTIVE_ARCH = YES;
				SDKROOT = iphoneos;
				SWIFT_ACTIVE_COMPILATION_CONDITIONS = DEBUG;
				SWIFT_OPTIMIZATION_LEVEL = "-Onone";
			};
			name = Debug;
		};
		AA81E93327F2980300AFF11B /* Release */ = {
			isa = XCBuildConfiguration;
			buildSettings = {
				ALWAYS_SEARCH_USER_PATHS = NO;
				CLANG_ANALYZER_NONNULL = YES;
				CLANG_ANALYZER_NUMBER_OBJECT_CONVERSION = YES_AGGRESSIVE;
				CLANG_CXX_LANGUAGE_STANDARD = "gnu++17";
				CLANG_CXX_LIBRARY = "libc++";
				CLANG_ENABLE_MODULES = YES;
				CLANG_ENABLE_OBJC_ARC = YES;
				CLANG_ENABLE_OBJC_WEAK = YES;
				CLANG_WARN_BLOCK_CAPTURE_AUTORELEASING = YES;
				CLANG_WARN_BOOL_CONVERSION = YES;
				CLANG_WARN_COMMA = YES;
				CLANG_WARN_CONSTANT_CONVERSION = YES;
				CLANG_WARN_DEPRECATED_OBJC_IMPLEMENTATIONS = YES;
				CLANG_WARN_DIRECT_OBJC_ISA_USAGE = YES_ERROR;
				CLANG_WARN_DOCUMENTATION_COMMENTS = YES;
				CLANG_WARN_EMPTY_BODY = YES;
				CLANG_WARN_ENUM_CONVERSION = YES;
				CLANG_WARN_INFINITE_RECURSION = YES;
				CLANG_WARN_INT_CONVERSION = YES;
				CLANG_WARN_NON_LITERAL_NULL_CONVERSION = YES;
				CLANG_WARN_OBJC_IMPLICIT_RETAIN_SELF = YES;
				CLANG_WARN_OBJC_LITERAL_CONVERSION = YES;
				CLANG_WARN_OBJC_ROOT_CLASS = YES_ERROR;
				CLANG_WARN_QUOTED_INCLUDE_IN_FRAMEWORK_HEADER = YES;
				CLANG_WARN_RANGE_LOOP_ANALYSIS = YES;
				CLANG_WARN_STRICT_PROTOTYPES = YES;
				CLANG_WARN_SUSPICIOUS_MOVE = YES;
				CLANG_WARN_UNGUARDED_AVAILABILITY = YES_AGGRESSIVE;
				CLANG_WARN_UNREACHABLE_CODE = YES;
				CLANG_WARN__DUPLICATE_METHOD_MATCH = YES;
				COPY_PHASE_STRIP = NO;
				DEBUG_INFORMATION_FORMAT = "dwarf-with-dsym";
				ENABLE_NS_ASSERTIONS = NO;
				ENABLE_STRICT_OBJC_MSGSEND = YES;
				GCC_C_LANGUAGE_STANDARD = gnu11;
				GCC_NO_COMMON_BLOCKS = YES;
				GCC_WARN_64_TO_32_BIT_CONVERSION = YES;
				GCC_WARN_ABOUT_RETURN_TYPE = YES_ERROR;
				GCC_WARN_UNDECLARED_SELECTOR = YES;
				GCC_WARN_UNINITIALIZED_AUTOS = YES_AGGRESSIVE;
				GCC_WARN_UNUSED_FUNCTION = YES;
				GCC_WARN_UNUSED_VARIABLE = YES;
				IPHONEOS_DEPLOYMENT_TARGET = 15.2;
				MTL_ENABLE_DEBUG_INFO = NO;
				MTL_FAST_MATH = YES;
				SDKROOT = iphoneos;
				SWIFT_COMPILATION_MODE = wholemodule;
				SWIFT_OPTIMIZATION_LEVEL = "-O";
				VALIDATE_PRODUCT = YES;
			};
			name = Release;
		};
		AA81E93527F2980300AFF11B /* Debug */ = {
			isa = XCBuildConfiguration;
			buildSettings = {
				ASSETCATALOG_COMPILER_APPICON_NAME = AppIcon;
				ASSETCATALOG_COMPILER_GLOBAL_ACCENT_COLOR_NAME = AccentColor;
				CODE_SIGN_STYLE = Automatic;
				CURRENT_PROJECT_VERSION = 1;
				DEVELOPMENT_TEAM = SAGYL6ACJY;
				GENERATE_INFOPLIST_FILE = YES;
				INFOPLIST_FILE = "Swift learning/Info.plist";
				INFOPLIST_KEY_UIApplicationSupportsIndirectInputEvents = YES;
				INFOPLIST_KEY_UILaunchStoryboardName = LaunchScreen;
				INFOPLIST_KEY_UIMainStoryboardFile = Main;
				INFOPLIST_KEY_UISupportedInterfaceOrientations_iPad = "UIInterfaceOrientationPortrait UIInterfaceOrientationPortraitUpsideDown UIInterfaceOrientationLandscapeLeft UIInterfaceOrientationLandscapeRight";
				INFOPLIST_KEY_UISupportedInterfaceOrientations_iPhone = "UIInterfaceOrientationPortrait UIInterfaceOrientationLandscapeLeft UIInterfaceOrientationLandscapeRight";
				LD_RUNPATH_SEARCH_PATHS = (
					"$(inherited)",
					"@executable_path/Frameworks",
				);
				MARKETING_VERSION = 1.0;
				PRODUCT_BUNDLE_IDENTIFIER = "com.monit.STUDY.Swift-learning";
				PRODUCT_NAME = "$(TARGET_NAME)";
				SWIFT_EMIT_LOC_STRINGS = YES;
				SWIFT_VERSION = 5.0;
				TARGETED_DEVICE_FAMILY = "1,2";
			};
			name = Debug;
		};
		AA81E93627F2980300AFF11B /* Release */ = {
			isa = XCBuildConfiguration;
			buildSettings = {
				ASSETCATALOG_COMPILER_APPICON_NAME = AppIcon;
				ASSETCATALOG_COMPILER_GLOBAL_ACCENT_COLOR_NAME = AccentColor;
				CODE_SIGN_STYLE = Automatic;
				CURRENT_PROJECT_VERSION = 1;
				DEVELOPMENT_TEAM = SAGYL6ACJY;
				GENERATE_INFOPLIST_FILE = YES;
				INFOPLIST_FILE = "Swift learning/Info.plist";
				INFOPLIST_KEY_UIApplicationSupportsIndirectInputEvents = YES;
				INFOPLIST_KEY_UILaunchStoryboardName = LaunchScreen;
				INFOPLIST_KEY_UIMainStoryboardFile = Main;
				INFOPLIST_KEY_UISupportedInterfaceOrientations_iPad = "UIInterfaceOrientationPortrait UIInterfaceOrientationPortraitUpsideDown UIInterfaceOrientationLandscapeLeft UIInterfaceOrientationLandscapeRight";
				INFOPLIST_KEY_UISupportedInterfaceOrientations_iPhone = "UIInterfaceOrientationPortrait UIInterfaceOrientationLandscapeLeft UIInterfaceOrientationLandscapeRight";
				LD_RUNPATH_SEARCH_PATHS = (
					"$(inherited)",
					"@executable_path/Frameworks",
				);
				MARKETING_VERSION = 1.0;
				PRODUCT_BUNDLE_IDENTIFIER = "com.monit.STUDY.Swift-learning";
				PRODUCT_NAME = "$(TARGET_NAME)";
				SWIFT_EMIT_LOC_STRINGS = YES;
				SWIFT_VERSION = 5.0;
				TARGETED_DEVICE_FAMILY = "1,2";
			};
			name = Release;
		};
		AA81E93827F2980300AFF11B /* Debug */ = {
			isa = XCBuildConfiguration;
			buildSettings = {
				ALWAYS_EMBED_SWIFT_STANDARD_LIBRARIES = YES;
				BUNDLE_LOADER = "$(TEST_HOST)";
				CODE_SIGN_STYLE = Automatic;
				CURRENT_PROJECT_VERSION = 1;
				DEVELOPMENT_TEAM = SAGYL6ACJY;
				GENERATE_INFOPLIST_FILE = YES;
				IPHONEOS_DEPLOYMENT_TARGET = 15.2;
				MARKETING_VERSION = 1.0;
				PRODUCT_BUNDLE_IDENTIFIER = "com.monit.STUDY.Swift-learningTests";
				PRODUCT_NAME = "$(TARGET_NAME)";
				SWIFT_EMIT_LOC_STRINGS = NO;
				SWIFT_VERSION = 5.0;
				TARGETED_DEVICE_FAMILY = "1,2";
				TEST_HOST = "$(BUILT_PRODUCTS_DIR)/Swift learning.app/Swift learning";
			};
			name = Debug;
		};
		AA81E93927F2980300AFF11B /* Release */ = {
			isa = XCBuildConfiguration;
			buildSettings = {
				ALWAYS_EMBED_SWIFT_STANDARD_LIBRARIES = YES;
				BUNDLE_LOADER = "$(TEST_HOST)";
				CODE_SIGN_STYLE = Automatic;
				CURRENT_PROJECT_VERSION = 1;
				DEVELOPMENT_TEAM = SAGYL6ACJY;
				GENERATE_INFOPLIST_FILE = YES;
				IPHONEOS_DEPLOYMENT_TARGET = 15.2;
				MARKETING_VERSION = 1.0;
				PRODUCT_BUNDLE_IDENTIFIER = "com.monit.STUDY.Swift-learningTests";
				PRODUCT_NAME = "$(TARGET_NAME)";
				SWIFT_EMIT_LOC_STRINGS = NO;
				SWIFT_VERSION = 5.0;
				TARGETED_DEVICE_FAMILY = "1,2";
				TEST_HOST = "$(BUILT_PRODUCTS_DIR)/Swift learning.app/Swift learning";
			};
			name = Release;
		};
		AA81E93B27F2980300AFF11B /* Debug */ = {
			isa = XCBuildConfiguration;
			buildSettings = {
				ALWAYS_EMBED_SWIFT_STANDARD_LIBRARIES = YES;
				CODE_SIGN_STYLE = Automatic;
				CURRENT_PROJECT_VERSION = 1;
				DEVELOPMENT_TEAM = SAGYL6ACJY;
				GENERATE_INFOPLIST_FILE = YES;
				MARKETING_VERSION = 1.0;
				PRODUCT_BUNDLE_IDENTIFIER = "com.monit.STUDY.Swift-learningUITests";
				PRODUCT_NAME = "$(TARGET_NAME)";
				SWIFT_EMIT_LOC_STRINGS = NO;
				SWIFT_VERSION = 5.0;
				TARGETED_DEVICE_FAMILY = "1,2";
				TEST_TARGET_NAME = "Swift learning";
			};
			name = Debug;
		};
		AA81E93C27F2980300AFF11B /* Release */ = {
			isa = XCBuildConfiguration;
			buildSettings = {
				ALWAYS_EMBED_SWIFT_STANDARD_LIBRARIES = YES;
				CODE_SIGN_STYLE = Automatic;
				CURRENT_PROJECT_VERSION = 1;
				DEVELOPMENT_TEAM = SAGYL6ACJY;
				GENERATE_INFOPLIST_FILE = YES;
				MARKETING_VERSION = 1.0;
				PRODUCT_BUNDLE_IDENTIFIER = "com.monit.STUDY.Swift-learningUITests";
				PRODUCT_NAME = "$(TARGET_NAME)";
				SWIFT_EMIT_LOC_STRINGS = NO;
				SWIFT_VERSION = 5.0;
				TARGETED_DEVICE_FAMILY = "1,2";
				TEST_TARGET_NAME = "Swift learning";
			};
			name = Release;
		};
/* End XCBuildConfiguration section */

/* Begin XCConfigurationList section */
		AA81E90527F2980000AFF11B /* Build configuration list for PBXProject "Swift learning" */ = {
			isa = XCConfigurationList;
			buildConfigurations = (
				AA81E93227F2980300AFF11B /* Debug */,
				AA81E93327F2980300AFF11B /* Release */,
			);
			defaultConfigurationIsVisible = 0;
			defaultConfigurationName = Release;
		};
		AA81E93427F2980300AFF11B /* Build configuration list for PBXNativeTarget "Swift learning" */ = {
			isa = XCConfigurationList;
			buildConfigurations = (
				AA81E93527F2980300AFF11B /* Debug */,
				AA81E93627F2980300AFF11B /* Release */,
			);
			defaultConfigurationIsVisible = 0;
			defaultConfigurationName = Release;
		};
		AA81E93727F2980300AFF11B /* Build configuration list for PBXNativeTarget "Swift learningTests" */ = {
			isa = XCConfigurationList;
			buildConfigurations = (
				AA81E93827F2980300AFF11B /* Debug */,
				AA81E93927F2980300AFF11B /* Release */,
			);
			defaultConfigurationIsVisible = 0;
			defaultConfigurationName = Release;
		};
		AA81E93A27F2980300AFF11B /* Build configuration list for PBXNativeTarget "Swift learningUITests" */ = {
			isa = XCConfigurationList;
			buildConfigurations = (
				AA81E93B27F2980300AFF11B /* Debug */,
				AA81E93C27F2980300AFF11B /* Release */,
			);
			defaultConfigurationIsVisible = 0;
			defaultConfigurationName = Release;
		};
/* End XCConfigurationList section */
	};
	rootObject = AA81E90227F2980000AFF11B /* Project object */;
}
